{
  "name": "dtn_lighting",
  "version": "1.0.0",
  "lockfileVersion": 3,
  "requires": true,
  "packages": {
    "": {
      "name": "dtn_lighting",
      "version": "1.0.0",
      "license": "ISC",
      "dependencies": {
        "bintrees": "^1.0.2",
        "quadkeytools": "^0.0.2"
      }
    },
    "node_modules/bintrees": {
      "version": "1.0.2",
      "resolved": "https://registry.npmjs.org/bintrees/-/bintrees-1.0.2.tgz",
      "integrity": "sha512-VOMgTMwjAaUG580SXn3LacVgjurrbMme7ZZNYGSSV7mmtY6QQRh0Eg3pwIcntQ77DErK1L0NxkbetjcoXzVwKw=="
    },
    "node_modules/quadkeytools": {
      "version": "0.0.2",
      "resolved": "https://registry.npmjs.org/quadkeytools/-/quadkeytools-0.0.2.tgz",
      "integrity": "sha512-SuR6SjQZpZDJu563mFaaHLr7s8Q4h297TfBFe4cPx6f03CVm2vL4/GGejqE8PBB6X39iRayQUwJ3osbE9izC8g=="
    }
  }
}
